
Microsoft Visual Studio Solution File, Format Version 12.00
# Visual Studio Version 17
VisualStudioVersion = 17.12.35527.113 d17.12
MinimumVisualStudioVersion = 10.0.40219.1
Project("{FAE04EC0-301F-11D3-BF4B-00C04F79EFBC}") = "ProgramFilter", "ProgramFilter\ProgramFilter.csproj", "{40AA5C2D-F707-4E45-BECE-7010E9AB82A2}"
EndProject
Project("{FAE04EC0-301F-11D3-BF4B-00C04F79EFBC}") = "Daemon", "Daemon\Daemon.csproj", "{4193578F-46F2-4053-BB10-355E028DABC1}"
EndProject
Global
	GlobalSection(SolutionConfigurationPlatforms) = preSolution
		Debug|Any CPU = Debug|Any CPU
		Release|Any CPU = Release|Any CPU
	EndGlobalSection
	GlobalSection(ProjectConfigurationPlatforms) = postSolution
		{40AA5C2D-F707-4E45-BECE-7010E9AB82A2}.Debug|Any CPU.ActiveCfg = Debug|Any CPU
		{40AA5C2D-F707-4E45-BECE-7010E9AB82A2}.Debug|Any CPU.Build.0 = Debug|Any CPU
		{40AA5C2D-F707-4E45-BECE-7010E9AB82A2}.Release|Any CPU.ActiveCfg = Release|Any CPU
		{40AA5C2D-F707-4E45-BECE-7010E9AB82A2}.Release|Any CPU.Build.0 = Release|Any CPU
		{4193578F-46F2-4053-BB10-355E028DABC1}.Debug|Any CPU.ActiveCfg = Debug|Any CPU
		{4193578F-46F2-4053-BB10-355E028DABC1}.Release|Any CPU.ActiveCfg = Release|Any CPU
		{4193578F-46F2-4053-BB10-355E028DABC1}.Release|Any CPU.Build.0 = Release|Any CPU
	EndGlobalSection
	GlobalSection(SolutionProperties) = preSolution
		HideSolutionNode = FALSE
	EndGlobalSection
	GlobalSection(ExtensibilityGlobals) = postSolution
		SolutionGuid = {E4FFF9A8-0E34-4D00-98EE-059093CB987A}
	EndGlobalSection
EndGlobal
